// !$*UTF8*$!
{
	archiveVersion = 1;
	classes = {
	};
	objectVersion = 77;
	objects = {

/* Begin PBXContainerItemProxy section */
		785C64492D1DA00300E9D381 /* PBXContainerItemProxy */ = {
			isa = PBXContainerItemProxy;
			containerPortal = 785C64302D1DA00200E9D381 /* Project object */;
			proxyType = 1;
			remoteGlobalIDString = 785C64372D1DA00200E9D381;
			remoteInfo = "EPQ PROJECT";
		};
		785C64532D1DA00300E9D381 /* PBXContainerItemProxy */ = {
			isa = PBXContainerItemProxy;
			containerPortal = 785C64302D1DA00200E9D381 /* Project object */;
			proxyType = 1;
			remoteGlobalIDString = 785C64372D1DA00200E9D381;
			remoteInfo = "EPQ PROJECT";
		};
/* End PBXContainerItemProxy section */

/* Begin PBXFileReference section */
		785C64382D1DA00200E9D381 /* EPQ PROJECT.app */ = {isa = PBXFileReference; explicitFileType = wrapper.application; includeInIndex = 0; path = "EPQ PROJECT.app"; sourceTree = BUILT_PRODUCTS_DIR; };
		785C64482D1DA00300E9D381 /* EPQ PROJECTTests.xctest */ = {isa = PBXFileReference; explicitFileType = wrapper.cfbundle; includeInIndex = 0; path = "EPQ PROJECTTests.xctest"; sourceTree = BUILT_PRODUCTS_DIR; };
		785C64522D1DA00300E9D381 /* EPQ PROJECTUITests.xctest */ = {isa = PBXFileReference; explicitFileType = wrapper.cfbundle; includeInIndex = 0; path = "EPQ PROJECTUITests.xctest"; sourceTree = BUILT_PRODUCTS_DIR; };
/* End PBXFileReference section */

/* Begin PBXFileSystemSynchronizedRootGroup section */
		785C643A2D1DA00200E9D381 /* EPQ PROJECT */ = {
			isa = PBXFileSystemSynchronizedRootGroup;
			path = "EPQ PROJECT";
			sourceTree = "<group>";
		};
		785C644B2D1DA00300E9D381 /* EPQ PROJECTTests */ = {
			isa = PBXFileSystemSynchronizedRootGroup;
			path = "EPQ PROJECTTests";
			sourceTree = "<group>";
		};
		785C64552D1DA00300E9D381 /* EPQ PROJECTUITests */ = {
			isa = PBXFileSystemSynchronizedRootGroup;
			path = "EPQ PROJECTUITests";
			sourceTree = "<group>";
		};
/* End PBXFileSystemSynchronizedRootGroup section */

/* Begin PBXFrameworksBuildPhase section */
		785C64352D1DA00200E9D381 /* Frameworks */ = {
			isa = PBXFrameworksBuildPhase;
			buildActionMask = 2147483647;
			files = (
			);
			runOnlyForDeploymentPostprocessing = 0;
		};
		785C64452D1DA00300E9D381 /* Frameworks */ = {
			isa = PBXFrameworksBuildPhase;
			buildActionMask = 2147483647;
			files = (
			);
			runOnlyForDeploymentPostprocessing = 0;
		};
		785C644F2D1DA00300E9D381 /* Frameworks */ = {
			isa = PBXFrameworksBuildPhase;
			buildActionMask = 2147483647;
			files = (
			);
			runOnlyForDeploymentPostprocessing = 0;
		};
/* End PBXFrameworksBuildPhase section */

/* Begin PBXGroup section */
		785C642F2D1DA00200E9D381 = {
			isa = PBXGroup;
			children = (
				785C643A2D1DA00200E9D381 /* EPQ PROJECT */,
				785C644B2D1DA00300E9D381 /* EPQ PROJECTTests */,
				785C64552D1DA00300E9D381 /* EPQ PROJECTUITests */,
				785C64392D1DA00200E9D381 /* Products */,
			);
			sourceTree = "<group>";
		};
		785C64392D1DA00200E9D381 /* Products */ = {
			isa = PBXGroup;
			children = (
				785C64382D1DA00200E9D381 /* EPQ PROJECT.app */,
				785C64482D1DA00300E9D381 /* EPQ PROJECTTests.xctest */,
				785C64522D1DA00300E9D381 /* EPQ PROJECTUITests.xctest */,
			);
			name = Products;
			sourceTree = "<group>";
		};
/* End PBXGroup section */

/* Begin PBXNativeTarget section */
		785C64372D1DA00200E9D381 /* EPQ PROJECT */ = {
			isa = PBXNativeTarget;
			buildConfigurationList = 785C645C2D1DA00300E9D381 /* Build configuration list for PBXNativeTarget "EPQ PROJECT" */;
			buildPhases = (
				785C64342D1DA00200E9D381 /* Sources */,
				785C64352D1DA00200E9D381 /* Frameworks */,
				785C64362D1DA00200E9D381 /* Resources */,
			);
			buildRules = (
			);
			dependencies = (
			);
			fileSystemSynchronizedGroups = (
				785C643A2D1DA00200E9D381 /* EPQ PROJECT */,
			);
			name = "EPQ PROJECT";
			packageProductDependencies = (
			);
			productName = "EPQ PROJECT";
			productReference = 785C64382D1DA00200E9D381 /* EPQ PROJECT.app */;
			productType = "com.apple.product-type.application";
		};
		785C64472D1DA00300E9D381 /* EPQ PROJECTTests */ = {
			isa = PBXNativeTarget;
			buildConfigurationList = 785C645F2D1DA00300E9D381 /* Build configuration list for PBXNativeTarget "EPQ PROJECTTests" */;
			buildPhases = (
				785C64442D1DA00300E9D381 /* Sources */,
				785C64452D1DA00300E9D381 /* Frameworks */,
				785C64462D1DA00300E9D381 /* Resources */,
			);
			buildRules = (
			);
			dependencies = (
				785C644A2D1DA00300E9D381 /* PBXTargetDependency */,
			);
			fileSystemSynchronizedGroups = (
				785C644B2D1DA00300E9D381 /* EPQ PROJECTTests */,
			);
			name = "EPQ PROJECTTests";
			packageProductDependencies = (
			);
			productName = "EPQ PROJECTTests";
			productReference = 785C64482D1DA00300E9D381 /* EPQ PROJECTTests.xctest */;
			productType = "com.apple.product-type.bundle.unit-test";
		};
		785C64512D1DA00300E9D381 /* EPQ PROJECTUITests */ = {
			isa = PBXNativeTarget;
			buildConfigurationList = 785C64622D1DA00300E9D381 /* Build configuration list for PBXNativeTarget "EPQ PROJECTUITests" */;
			buildPhases = (
				785C644E2D1DA00300E9D381 /* Sources */,
				785C644F2D1DA00300E9D381 /* Frameworks */,
				785C64502D1DA00300E9D381 /* Resources */,
			);
			buildRules = (
			);
			dependencies = (
				785C64542D1DA00300E9D381 /* PBXTargetDependency */,
			);
			fileSystemSynchronizedGroups = (
				785C64552D1DA00300E9D381 /* EPQ PROJECTUITests */,
			);
			name = "EPQ PROJECTUITests";
			packageProductDependencies = (
			);
			productName = "EPQ PROJECTUITests";
			productReference = 785C64522D1DA00300E9D381 /* EPQ PROJECTUITests.xctest */;
			productType = "com.apple.product-type.bundle.ui-testing";
		};
/* End PBXNativeTarget section */

/* Begin PBXProject section */
		785C64302D1DA00200E9D381 /* Project object */ = {
			isa = PBXProject;
			attributes = {
				BuildIndependentTargetsInParallel = 1;
				LastSwiftUpdateCheck = 1620;
				LastUpgradeCheck = 1620;
				TargetAttributes = {
					785C64372D1DA00200E9D381 = {
						CreatedOnToolsVersion = 16.2;
					};
					785C64472D1DA00300E9D381 = {
						CreatedOnToolsVersion = 16.2;
						TestTargetID = 785C64372D1DA00200E9D381;
					};
					785C64512D1DA00300E9D381 = {
						CreatedOnToolsVersion = 16.2;
						TestTargetID = 785C64372D1DA00200E9D381;
					};
				};
			};
			buildConfigurationList = 785C64332D1DA00200E9D381 /* Build configuration list for PBXProject "EPQ PROJECT" */;
			developmentRegion = en;
			hasScannedForEncodings = 0;
			knownRegions = (
				en,
				Base,
			);
			mainGroup = 785C642F2D1DA00200E9D381;
			minimizedProjectReferenceProxies = 1;
			preferredProjectObjectVersion = 77;
			productRefGroup = 785C64392D1DA00200E9D381 /* Products */;
			projectDirPath = "";
			projectRoot = "";
			targets = (
				785C64372D1DA00200E9D381 /* EPQ PROJECT */,
				785C64472D1DA00300E9D381 /* EPQ PROJECTTests */,
				785C64512D1DA00300E9D381 /* EPQ PROJECTUITests */,
			);
		};
/* End PBXProject section */

/* Begin PBXResourcesBuildPhase section */
		785C64362D1DA00200E9D381 /* Resources */ = {
			isa = PBXResourcesBuildPhase;
			buildActionMask = 2147483647;
			files = (
			);
			runOnlyForDeploymentPostprocessing = 0;
		};
		785C64462D1DA00300E9D381 /* Resources */ = {
			isa = PBXResourcesBuildPhase;
			buildActionMask = 2147483647;
			files = (
			);
			runOnlyForDeploymentPostprocessing = 0;
		};
		785C64502D1DA00300E9D381 /* Resources */ = {
			isa = PBXResourcesBuildPhase;
			buildActionMask = 2147483647;
			files = (
			);
			runOnlyForDeploymentPostprocessing = 0;
		};
/* End PBXResourcesBuildPhase section */

/* Begin PBXSourcesBuildPhase section */
		785C64342D1DA00200E9D381 /* Sources */ = {
			isa = PBXSourcesBuildPhase;
			buildActionMask = 2147483647;
			files = (
			);
			runOnlyForDeploymentPostprocessing = 0;
		};
		785C64442D1DA00300E9D381 /* Sources */ = {
			isa = PBXSourcesBuildPhase;
			buildActionMask = 2147483647;
			files = (
			);
			runOnlyForDeploymentPostprocessing = 0;
		};
		785C644E2D1DA00300E9D381 /* Sources */ = {
			isa = PBXSourcesBuildPhase;
			buildActionMask = 2147483647;
			files = (
			);
			runOnlyForDeploymentPostprocessing = 0;
		};
/* End PBXSourcesBuildPhase section */

/* Begin PBXTargetDependency section */
		785C644A2D1DA00300E9D381 /* PBXTargetDependency */ = {
			isa = PBXTargetDependency;
			target = 785C64372D1DA00200E9D381 /* EPQ PROJECT */;
			targetProxy = 785C64492D1DA00300E9D381 /* PBXContainerItemProxy */;
		};
		785C64542D1DA00300E9D381 /* PBXTargetDependency */ = {
			isa = PBXTargetDependency;
			target = 785C64372D1DA00200E9D381 /* EPQ PROJECT */;
			targetProxy = 785C64532D1DA00300E9D381 /* PBXContainerItemProxy */;
		};
/* End PBXTargetDependency section */

/* Begin XCBuildConfiguration section */
		785C645A2D1DA00300E9D381 /* Debug */ = {
			isa = XCBuildConfiguration;
			buildSettings = {
				ALWAYS_SEARCH_USER_PATHS = NO;
				ASSETCATALOG_COMPILER_GENERATE_SWIFT_ASSET_SYMBOL_EXTENSIONS = YES;
				CLANG_ANALYZER_NONNULL = YES;
				CLANG_ANALYZER_NUMBER_OBJECT_CONVERSION = YES_AGGRESSIVE;
				CLANG_CXX_LANGUAGE_STANDARD = "gnu++20";
				CLANG_ENABLE_MODULES = YES;
				CLANG_ENABLE_OBJC_ARC = YES;
				CLANG_ENABLE_OBJC_WEAK = YES;
				CLANG_WARN_BLOCK_CAPTURE_AUTORELEASING = YES;
				CLANG_WARN_BOOL_CONVERSION = YES;
				CLANG_WARN_COMMA = YES;
				CLANG_WARN_CONSTANT_CONVERSION = YES;
				CLANG_WARN_DEPRECATED_OBJC_IMPLEMENTATIONS = YES;
				CLANG_WARN_DIRECT_OBJC_ISA_USAGE = YES_ERROR;
				CLANG_WARN_DOCUMENTATION_COMMENTS = YES;
				CLANG_WARN_EMPTY_BODY = YES;
				CLANG_WARN_ENUM_CONVERSION = YES;
				CLANG_WARN_INFINITE_RECURSION = YES;
				CLANG_WARN_INT_CONVERSION = YES;
				CLANG_WARN_NON_LITERAL_NULL_CONVERSION = YES;
				CLANG_WARN_OBJC_IMPLICIT_RETAIN_SELF = YES;
				CLANG_WARN_OBJC_LITERAL_CONVERSION = YES;
				CLANG_WARN_OBJC_ROOT_CLASS = YES_ERROR;
				CLANG_WARN_QUOTED_INCLUDE_IN_FRAMEWORK_HEADER = YES;
				CLANG_WARN_RANGE_LOOP_ANALYSIS = YES;
				CLANG_WARN_STRICT_PROTOTYPES = YES;
				CLANG_WARN_SUSPICIOUS_MOVE = YES;
				CLANG_WARN_UNGUARDED_AVAILABILITY = YES_AGGRESSIVE;
				CLANG_WARN_UNREACHABLE_CODE = YES;
				CLANG_WARN__DUPLICATE_METHOD_MATCH = YES;
				COPY_PHASE_STRIP = NO;
				DEBUG_INFORMATION_FORMAT = dwarf;
				ENABLE_STRICT_OBJC_MSGSEND = YES;
				ENABLE_TESTABILITY = YES;
				ENABLE_USER_SCRIPT_SANDBOXING = YES;
				GCC_C_LANGUAGE_STANDARD = gnu17;
				GCC_DYNAMIC_NO_PIC = NO;
				GCC_NO_COMMON_BLOCKS = YES;
				GCC_OPTIMIZATION_LEVEL = 0;
				GCC_PREPROCESSOR_DEFINITIONS = (
					"DEBUG=1",
					"$(inherited)",
				);
				GCC_WARN_64_TO_32_BIT_CONVERSION = YES;
				GCC_WARN_ABOUT_RETURN_TYPE = YES_ERROR;
				GCC_WARN_UNDECLARED_SELECTOR = YES;
				GCC_WARN_UNINITIALIZED_AUTOS = YES_AGGRESSIVE;
				GCC_WARN_UNUSED_FUNCTION = YES;
				GCC_WARN_UNUSED_VARIABLE = YES;
				IPHONEOS_DEPLOYMENT_TARGET = 18.2;
				LOCALIZATION_PREFERS_STRING_CATALOGS = YES;
				MTL_ENABLE_DEBUG_INFO = INCLUDE_SOURCE;
				MTL_FAST_MATH = YES;
				ONLY_ACTIVE_ARCH = YES;
				SDKROOT = iphoneos;
				SWIFT_ACTIVE_COMPILATION_CONDITIONS = "DEBUG $(inherited)";
				SWIFT_OPTIMIZATION_LEVEL = "-Onone";
			};
			name = Debug;
		};
		785C645B2D1DA00300E9D381 /* Release */ = {
			isa = XCBuildConfiguration;
			buildSettings = {
				ALWAYS_SEARCH_USER_PATHS = NO;
				ASSETCATALOG_COMPILER_GENERATE_SWIFT_ASSET_SYMBOL_EXTENSIONS = YES;
				CLANG_ANALYZER_NONNULL = YES;
				CLANG_ANALYZER_NUMBER_OBJECT_CONVERSION = YES_AGGRESSIVE;
				CLANG_CXX_LANGUAGE_STANDARD = "gnu++20";
				CLANG_ENABLE_MODULES = YES;
				CLANG_ENABLE_OBJC_ARC = YES;
				CLANG_ENABLE_OBJC_WEAK = YES;
				CLANG_WARN_BLOCK_CAPTURE_AUTORELEASING = YES;
				CLANG_WARN_BOOL_CONVERSION = YES;
				CLANG_WARN_COMMA = YES;
				CLANG_WARN_CONSTANT_CONVERSION = YES;
				CLANG_WARN_DEPRECATED_OBJC_IMPLEMENTATIONS = YES;
				CLANG_WARN_DIRECT_OBJC_ISA_USAGE = YES_ERROR;
				CLANG_WARN_DOCUMENTATION_COMMENTS = YES;
				CLANG_WARN_EMPTY_BODY = YES;
				CLANG_WARN_ENUM_CONVERSION = YES;
				CLANG_WARN_INFINITE_RECURSION = YES;
				CLANG_WARN_INT_CONVERSION = YES;
				CLANG_WARN_NON_LITERAL_NULL_CONVERSION = YES;
				CLANG_WARN_OBJC_IMPLICIT_RETAIN_SELF = YES;
				CLANG_WARN_OBJC_LITERAL_CONVERSION = YES;
				CLANG_WARN_OBJC_ROOT_CLASS = YES_ERROR;
				CLANG_WARN_QUOTED_INCLUDE_IN_FRAMEWORK_HEADER = YES;
				CLANG_WARN_RANGE_LOOP_ANALYSIS = YES;
				CLANG_WARN_STRICT_PROTOTYPES = YES;
				CLANG_WARN_SUSPICIOUS_MOVE = YES;
				CLANG_WARN_UNGUARDED_AVAILABILITY = YES_AGGRESSIVE;
				CLANG_WARN_UNREACHABLE_CODE = YES;
				CLANG_WARN__DUPLICATE_METHOD_MATCH = YES;
				COPY_PHASE_STRIP = NO;
				DEBUG_INFORMATION_FORMAT = "dwarf-with-dsym";
				ENABLE_NS_ASSERTIONS = NO;
				ENABLE_STRICT_OBJC_MSGSEND = YES;
				ENABLE_USER_SCRIPT_SANDBOXING = YES;
				GCC_C_LANGUAGE_STANDARD = gnu17;
				GCC_NO_COMMON_BLOCKS = YES;
				GCC_WARN_64_TO_32_BIT_CONVERSION = YES;
				GCC_WARN_ABOUT_RETURN_TYPE = YES_ERROR;
				GCC_WARN_UNDECLARED_SELECTOR = YES;
				GCC_WARN_UNINITIALIZED_AUTOS = YES_AGGRESSIVE;
				GCC_WARN_UNUSED_FUNCTION = YES;
				GCC_WARN_UNUSED_VARIABLE = YES;
				IPHONEOS_DEPLOYMENT_TARGET = 18.2;
				LOCALIZATION_PREFERS_STRING_CATALOGS = YES;
				MTL_ENABLE_DEBUG_INFO = NO;
				MTL_FAST_MATH = YES;
				SDKROOT = iphoneos;
				SWIFT_COMPILATION_MODE = wholemodule;
				VALIDATE_PRODUCT = YES;
			};
			name = Release;
		};
		785C645D2D1DA00300E9D381 /* Debug */ = {
			isa = XCBuildConfiguration;
			buildSettings = {
				ASSETCATALOG_COMPILER_APPICON_NAME = AppIcon;
				ASSETCATALOG_COMPILER_GLOBAL_ACCENT_COLOR_NAME = AccentColor;
				CODE_SIGN_STYLE = Automatic;
				CURRENT_PROJECT_VERSION = 1;
				DEVELOPMENT_ASSET_PATHS = "\"EPQ PROJECT/Preview Content\"";
				DEVELOPMENT_TEAM = 5375PBDFZQ;
				ENABLE_PREVIEWS = YES;
				GENERATE_INFOPLIST_FILE = YES;
				INFOPLIST_KEY_UIApplicationSceneManifest_Generation = YES;
				INFOPLIST_KEY_UIApplicationSupportsIndirectInputEvents = YES;
				INFOPLIST_KEY_UILaunchScreen_Generation = YES;
				INFOPLIST_KEY_UISupportedInterfaceOrientations_iPad = "UIInterfaceOrientationPortrait UIInterfaceOrientationPortraitUpsideDown UIInterfaceOrientationLandscapeLeft UIInterfaceOrientationLandscapeRight";
				INFOPLIST_KEY_UISupportedInterfaceOrientations_iPhone = "UIInterfaceOrientationPortrait UIInterfaceOrientationLandscapeLeft UIInterfaceOrientationLandscapeRight";
				LD_RUNPATH_SEARCH_PATHS = (
					"$(inherited)",
					"@executable_path/Frameworks",
				);
				MARKETING_VERSION = 1.0;
				PRODUCT_BUNDLE_IDENTIFIER = "kings.EPQ-PROJECT";
				PRODUCT_NAME = "$(TARGET_NAME)";
				SWIFT_EMIT_LOC_STRINGS = YES;
				SWIFT_VERSION = 5.0;
				TARGETED_DEVICE_FAMILY = "1,2";
			};
			name = Debug;
		};
		785C645E2D1DA00300E9D381 /* Release */ = {
			isa = XCBuildConfiguration;
			buildSettings = {
				ASSETCATALOG_COMPILER_APPICON_NAME = AppIcon;
				ASSETCATALOG_COMPILER_GLOBAL_ACCENT_COLOR_NAME = AccentColor;
				CODE_SIGN_STYLE = Automatic;
				CURRENT_PROJECT_VERSION = 1;
				DEVELOPMENT_ASSET_PATHS = "\"EPQ PROJECT/Preview Content\"";
				DEVELOPMENT_TEAM = 5375PBDFZQ;
				ENABLE_PREVIEWS = YES;
				GENERATE_INFOPLIST_FILE = YES;
				INFOPLIST_KEY_UIApplicationSceneManifest_Generation = YES;
				INFOPLIST_KEY_UIApplicationSupportsIndirectInputEvents = YES;
				INFOPLIST_KEY_UILaunchScreen_Generation = YES;
				INFOPLIST_KEY_UISupportedInterfaceOrientations_iPad = "UIInterfaceOrientationPortrait UIInterfaceOrientationPortraitUpsideDown UIInterfaceOrientationLandscapeLeft UIInterfaceOrientationLandscapeRight";
				INFOPLIST_KEY_UISupportedInterfaceOrientations_iPhone = "UIInterfaceOrientationPortrait UIInterfaceOrientationLandscapeLeft UIInterfaceOrientationLandscapeRight";
				LD_RUNPATH_SEARCH_PATHS = (
					"$(inherited)",
					"@executable_path/Frameworks",
				);
				MARKETING_VERSION = 1.0;
				PRODUCT_BUNDLE_IDENTIFIER = "kings.EPQ-PROJECT";
				PRODUCT_NAME = "$(TARGET_NAME)";
				SWIFT_EMIT_LOC_STRINGS = YES;
				SWIFT_VERSION = 5.0;
				TARGETED_DEVICE_FAMILY = "1,2";
			};
			name = Release;
		};
		785C64602D1DA00300E9D381 /* Debug */ = {
			isa = XCBuildConfiguration;
			buildSettings = {
				BUNDLE_LOADER = "$(TEST_HOST)";
				CODE_SIGN_STYLE = Automatic;
				CURRENT_PROJECT_VERSION = 1;
				DEVELOPMENT_TEAM = 5375PBDFZQ;
				GENERATE_INFOPLIST_FILE = YES;
				IPHONEOS_DEPLOYMENT_TARGET = 18.2;
				MARKETING_VERSION = 1.0;
				PRODUCT_BUNDLE_IDENTIFIER = "kings.EPQ-PROJECTTests";
				PRODUCT_NAME = "$(TARGET_NAME)";
				SWIFT_EMIT_LOC_STRINGS = NO;
				SWIFT_VERSION = 5.0;
				TARGETED_DEVICE_FAMILY = "1,2";
				TEST_HOST = "$(BUILT_PRODUCTS_DIR)/EPQ PROJECT.app/$(BUNDLE_EXECUTABLE_FOLDER_PATH)/EPQ PROJECT";
			};
			name = Debug;
		};
		785C64612D1DA00300E9D381 /* Release */ = {
			isa = XCBuildConfiguration;
			buildSettings = {
				BUNDLE_LOADER = "$(TEST_HOST)";
				CODE_SIGN_STYLE = Automatic;
				CURRENT_PROJECT_VERSION = 1;
				DEVELOPMENT_TEAM = 5375PBDFZQ;
				GENERATE_INFOPLIST_FILE = YES;
				IPHONEOS_DEPLOYMENT_TARGET = 18.2;
				MARKETING_VERSION = 1.0;
				PRODUCT_BUNDLE_IDENTIFIER = "kings.EPQ-PROJECTTests";
				PRODUCT_NAME = "$(TARGET_NAME)";
				SWIFT_EMIT_LOC_STRINGS = NO;
				SWIFT_VERSION = 5.0;
				TARGETED_DEVICE_FAMILY = "1,2";
				TEST_HOST = "$(BUILT_PRODUCTS_DIR)/EPQ PROJECT.app/$(BUNDLE_EXECUTABLE_FOLDER_PATH)/EPQ PROJECT";
			};
			name = Release;
		};
		785C64632D1DA00300E9D381 /* Debug */ = {
			isa = XCBuildConfiguration;
			buildSettings = {
				CODE_SIGN_STYLE = Automatic;
				CURRENT_PROJECT_VERSION = 1;
				DEVELOPMENT_TEAM = 5375PBDFZQ;
				GENERATE_INFOPLIST_FILE = YES;
				MARKETING_VERSION = 1.0;
				PRODUCT_BUNDLE_IDENTIFIER = "kings.EPQ-PROJECTUITests";
				PRODUCT_NAME = "$(TARGET_NAME)";
				SWIFT_EMIT_LOC_STRINGS = NO;
				SWIFT_VERSION = 5.0;
				TARGETED_DEVICE_FAMILY = "1,2";
				TEST_TARGET_NAME = "EPQ PROJECT";
			};
			name = Debug;
		};
		785C64642D1DA00300E9D381 /* Release */ = {
			isa = XCBuildConfiguration;
			buildSettings = {
				CODE_SIGN_STYLE = Automatic;
				CURRENT_PROJECT_VERSION = 1;
				DEVELOPMENT_TEAM = 5375PBDFZQ;
				GENERATE_INFOPLIST_FILE = YES;
				MARKETING_VERSION = 1.0;
				PRODUCT_BUNDLE_IDENTIFIER = "kings.EPQ-PROJECTUITests";
				PRODUCT_NAME = "$(TARGET_NAME)";
				SWIFT_EMIT_LOC_STRINGS = NO;
				SWIFT_VERSION = 5.0;
				TARGETED_DEVICE_FAMILY = "1,2";
				TEST_TARGET_NAME = "EPQ PROJECT";
			};
			name = Release;
		};
/* End XCBuildConfiguration section */

/* Begin XCConfigurationList section */
		785C64332D1DA00200E9D381 /* Build configuration list for PBXProject "EPQ PROJECT" */ = {
			isa = XCConfigurationList;
			buildConfigurations = (
				785C645A2D1DA00300E9D381 /* Debug */,
				785C645B2D1DA00300E9D381 /* Release */,
			);
			defaultConfigurationIsVisible = 0;
			defaultConfigurationName = Release;
		};
		785C645C2D1DA00300E9D381 /* Build configuration list for PBXNativeTarget "EPQ PROJECT" */ = {
			isa = XCConfigurationList;
			buildConfigurations = (
				785C645D2D1DA00300E9D381 /* Debug */,
				785C645E2D1DA00300E9D381 /* Release */,
			);
			defaultConfigurationIsVisible = 0;
			defaultConfigurationName = Release;
		};
		785C645F2D1DA00300E9D381 /* Build configuration list for PBXNativeTarget "EPQ PROJECTTests" */ = {
			isa = XCConfigurationList;
			buildConfigurations = (
				785C64602D1DA00300E9D381 /* Debug */,
				785C64612D1DA00300E9D381 /* Release */,
			);
			defaultConfigurationIsVisible = 0;
			defaultConfigurationName = Release;
		};
		785C64622D1DA00300E9D381 /* Build configuration list for PBXNativeTarget "EPQ PROJECTUITests" */ = {
			isa = XCConfigurationList;
			buildConfigurations = (
				785C64632D1DA00300E9D381 /* Debug */,
				785C64642D1DA00300E9D381 /* Release */,
			);
			defaultConfigurationIsVisible = 0;
			defaultConfigurationName = Release;
		};
/* End XCConfigurationList section */
	};
	rootObject = 785C64302D1DA00200E9D381 /* Project object */;
}
